
Microsoft Visual Studio Solution File, Format Version 12.00
# Visual Studio Version 16
VisualStudioVersion = 16.0.29613.14
MinimumVisualStudioVersion = 10.0.40219.1
Project("{FAE04EC0-301F-11D3-BF4B-00C04F79EFBC}") = "Ticketsysteem", "Ticketsysteem\Ticketsysteem.csproj", "{2BDDB8E9-71A4-453F-AB76-F4363C9852B1}"
EndProject
Global
	GlobalSection(SolutionConfigurationPlatforms) = preSolution
		Debug|Any CPU = Debug|Any CPU
		Release|Any CPU = Release|Any CPU
	EndGlobalSection
	GlobalSection(ProjectConfigurationPlatforms) = postSolution
		{2BDDB8E9-71A4-453F-AB76-F4363C9852B1}.Debug|Any CPU.ActiveCfg = Debug|Any CPU
		{2BDDB8E9-71A4-453F-AB76-F4363C9852B1}.Debug|Any CPU.Build.0 = Debug|Any CPU
		{2BDDB8E9-71A4-453F-AB76-F4363C9852B1}.Release|Any CPU.ActiveCfg = Release|Any CPU
		{2BDDB8E9-71A4-453F-AB76-F4363C9852B1}.Release|Any CPU.Build.0 = Release|Any CPU
	EndGlobalSection
	GlobalSection(SolutionProperties) = preSolution
		HideSolutionNode = FALSE
	EndGlobalSection
	GlobalSection(ExtensibilityGlobals) = postSolution
		SolutionGuid = {29162443-CD22-4685-9F7B-10C507334F48}
	EndGlobalSection
EndGlobal
